
Microsoft Visual Studio Solution File, Format Version 12.00
# Visual Studio Version 17
VisualStudioVersion = 17.5.002.0
MinimumVisualStudioVersion = 10.0.40219.1
Project("{9A19103F-16F7-4668-BE54-9A1E7A4F7556}") = "aeternaCaptions", "aeternaCaptions.csproj", "{4FC1CCC5-B723-412E-9B3A-D9FB60560AAD}"
EndProject
Global
	GlobalSection(SolutionConfigurationPlatforms) = preSolution
		Debug|Any CPU = Debug|Any CPU
		Release|Any CPU = Release|Any CPU
	EndGlobalSection
	GlobalSection(ProjectConfigurationPlatforms) = postSolution
		{4FC1CCC5-B723-412E-9B3A-D9FB60560AAD}.Debug|Any CPU.ActiveCfg = Debug|Any CPU
		{4FC1CCC5-B723-412E-9B3A-D9FB60560AAD}.Debug|Any CPU.Build.0 = Debug|Any CPU
		{4FC1CCC5-B723-412E-9B3A-D9FB60560AAD}.Release|Any CPU.ActiveCfg = Release|Any CPU
		{4FC1CCC5-B723-412E-9B3A-D9FB60560AAD}.Release|Any CPU.Build.0 = Release|Any CPU
	EndGlobalSection
	GlobalSection(SolutionProperties) = preSolution
		HideSolutionNode = FALSE
	EndGlobalSection
	GlobalSection(ExtensibilityGlobals) = postSolution
		SolutionGuid = {D3B433B4-A2DE-431E-896D-287CDE9EDFA5}
	EndGlobalSection
EndGlobal
